PODS:
  - AppAuth (1.4.0):
    - AppAuth/Core (= 1.4.0)
    - AppAuth/ExternalUserAgent (= 1.4.0)
  - AppAuth/Core (1.4.0)
  - AppAuth/ExternalUserAgent (1.4.0)
  - GoogleAPIClientForREST/Core (1.2.1):
    - GTMSessionFetcher (>= 1.1.7)
  - GoogleAPIClientForREST/Drive (1.2.1):
    - GoogleAPIClientForREST/Core
    - GTMSessionFetcher (>= 1.1.7)
  - GoogleSignIn (5.0.2):
    - AppAuth (~> 1.2)
    - GTMAppAuth (~> 1.0)
    - GTMSessionFetcher/Core (~> 1.1)
  - GTMAppAuth (1.1.0):
    - AppAuth/Core (~> 1.4)
    - GTMSessionFetcher (~> 1.4)
  - GTMSessionFetcher (1.5.0):
    - GTMSessionFetcher/Full (= 1.5.0)
  - GTMSessionFetcher/Core (1.5.0)
  - GTMSessionFetcher/Full (1.5.0):
    - GTMSessionFetcher/Core (= 1.5.0)
  - MaterialComponents/ActionSheet (119.0.0):
    - MaterialComponents/Availability
    - MaterialComponents/BottomSheet
    - MaterialComponents/Elevation
    - MaterialComponents/Ink
    - MaterialComponents/private/Math
    - MaterialComponents/Ripple
    - MaterialComponents/ShadowElevations
    - MaterialComponents/Typography
  - MaterialComponents/ActivityIndicator (119.0.0):
    - MaterialComponents/Palettes
    - MaterialComponents/private/Application
    - MDFInternationalization
    - MotionAnimator (~> 2.0)
  - MaterialComponents/AnimationTiming (119.0.0)
  - MaterialComponents/AppBar (119.0.0):
    - MaterialComponents/FlexibleHeader
    - MaterialComponents/HeaderStackView
    - MaterialComponents/NavigationBar
    - MaterialComponents/private/Application
    - MaterialComponents/private/Icons/ic_arrow_back
    - MaterialComponents/private/UIMetrics
    - MaterialComponents/ShadowElevations
    - MaterialComponents/ShadowLayer
    - MaterialComponents/Typography
    - MDFInternationalization
  - MaterialComponents/Availability (119.0.0)
  - MaterialComponents/BottomSheet (119.0.0):
    - MaterialComponents/Elevation
    - MaterialComponents/private/KeyboardWatcher
    - MaterialComponents/private/Math
    - MaterialComponents/ShadowElevations
    - MaterialComponents/ShadowLayer
    - MaterialComponents/ShapeLibrary
    - MaterialComponents/Shapes
  - MaterialComponents/ButtonBar (119.0.0):
    - MaterialComponents/Buttons
    - MaterialComponents/private/Application
    - MDFInternationalization
  - MaterialComponents/Buttons (119.0.0):
    - MaterialComponents/Elevation
    - MaterialComponents/Ink
    - MaterialComponents/private/Math
    - MaterialComponents/Ripple
    - MaterialComponents/ShadowElevations
    - MaterialComponents/ShadowLayer
    - MaterialComponents/ShapeLibrary
    - MaterialComponents/Shapes
    - MaterialComponents/Typography
    - MDFInternationalization
    - MDFTextAccessibility
  - "MaterialComponents/Buttons+ColorThemer (119.0.0)":
    - MaterialComponents/Buttons
    - MaterialComponents/schemes/Color
  - MaterialComponents/CollectionCells (119.0.0):
    - MaterialComponents/CollectionLayoutAttributes
    - MaterialComponents/Ink
    - MaterialComponents/Palettes
    - MaterialComponents/private/Icons/ic_check
    - MaterialComponents/private/Icons/ic_check_circle
    - MaterialComponents/private/Icons/ic_chevron_right
    - MaterialComponents/private/Icons/ic_info
    - MaterialComponents/private/Icons/ic_radio_button_unchecked
    - MaterialComponents/private/Icons/ic_reorder
    - MaterialComponents/private/Math
    - MaterialComponents/Ripple
    - MaterialComponents/Typography
    - MDFInternationalization
  - MaterialComponents/CollectionLayoutAttributes (119.0.0)
  - MaterialComponents/Collections (119.0.0):
    - MaterialComponents/Availability
    - MaterialComponents/CollectionCells
    - MaterialComponents/CollectionLayoutAttributes
    - MaterialComponents/Ink
    - MaterialComponents/Palettes
    - MaterialComponents/Ripple
    - MaterialComponents/ShadowElevations
    - MaterialComponents/ShadowLayer
    - MaterialComponents/Typography
  - MaterialComponents/Dialogs (119.0.0):
    - MaterialComponents/Buttons
    - MaterialComponents/Elevation
    - MaterialComponents/private/KeyboardWatcher
    - MaterialComponents/private/Math
    - MaterialComponents/ShadowElevations
    - MaterialComponents/ShadowLayer
    - MaterialComponents/Typography
    - MDFInternationalization
  - "MaterialComponents/Dialogs+ColorThemer (119.0.0)":
    - "MaterialComponents/Buttons+ColorThemer"
    - MaterialComponents/Dialogs
    - MaterialComponents/Themes
  - MaterialComponents/Elevation (119.0.0):
    - MaterialComponents/Availability
    - MaterialComponents/private/Color
    - MaterialComponents/private/Math
  - MaterialComponents/FeatureHighlight (119.0.0):
    - MaterialComponents/Availability
    - MaterialComponents/private/Math
    - MaterialComponents/Typography
    - MDFTextAccessibility
  - "MaterialComponents/FeatureHighlight+ColorThemer (119.0.0)":
    - MaterialComponents/FeatureHighlight
    - MaterialComponents/Themes
  - MaterialComponents/FlexibleHeader (119.0.0):
    - MaterialComponents/Availability
    - MaterialComponents/Elevation
    - "MaterialComponents/FlexibleHeader+ShiftBehavior"
    - "MaterialComponents/FlexibleHeader+ShiftBehaviorEnabledWithStatusBar"
    - MaterialComponents/private/Application
    - MaterialComponents/private/Math
    - MaterialComponents/private/UIMetrics
    - MaterialComponents/ShadowElevations
    - MaterialComponents/ShadowLayer
    - MDFTextAccessibility
  - "MaterialComponents/FlexibleHeader+ShiftBehavior (119.0.0)"
  - "MaterialComponents/FlexibleHeader+ShiftBehaviorEnabledWithStatusBar (119.0.0)":
    - "MaterialComponents/FlexibleHeader+ShiftBehavior"
  - MaterialComponents/HeaderStackView (119.0.0)
  - MaterialComponents/Ink (119.0.0):
    - MaterialComponents/Availability
    - MaterialComponents/private/Color
    - MaterialComponents/private/Math
  - MaterialComponents/NavigationBar (119.0.0):
    - MaterialComponents/ButtonBar
    - MaterialComponents/Elevation
    - MaterialComponents/private/Math
    - MaterialComponents/Typography
    - MDFInternationalization
    - MDFTextAccessibility
  - MaterialComponents/OverlayWindow (119.0.0):
    - MaterialComponents/Availability
    - MaterialComponents/private/Application
  - MaterialComponents/PageControl (119.0.0):
    - MDFInternationalization
  - MaterialComponents/Palettes (119.0.0)
  - MaterialComponents/private/Application (119.0.0)
  - MaterialComponents/private/Color (119.0.0):
    - MaterialComponents/Availability
  - MaterialComponents/private/Icons/Base (119.0.0)
  - MaterialComponents/private/Icons/ic_arrow_back (119.0.0):
    - MaterialComponents/private/Icons/Base
  - MaterialComponents/private/Icons/ic_check (119.0.0):
    - MaterialComponents/private/Icons/Base
  - MaterialComponents/private/Icons/ic_check_circle (119.0.0):
    - MaterialComponents/private/Icons/Base
  - MaterialComponents/private/Icons/ic_chevron_right (119.0.0):
    - MaterialComponents/private/Icons/Base
  - MaterialComponents/private/Icons/ic_info (119.0.0):
    - MaterialComponents/private/Icons/Base
  - MaterialComponents/private/Icons/ic_radio_button_unchecked (119.0.0):
    - MaterialComponents/private/Icons/Base
  - MaterialComponents/private/Icons/ic_reorder (119.0.0):
    - MaterialComponents/private/Icons/Base
  - MaterialComponents/private/KeyboardWatcher (119.0.0):
    - MaterialComponents/private/Application
  - MaterialComponents/private/Math (119.0.0)
  - MaterialComponents/private/Overlay (119.0.0)
  - MaterialComponents/private/UIMetrics (119.0.0):
    - MaterialComponents/private/Application
  - MaterialComponents/ProgressView (119.0.0):
    - MaterialComponents/Palettes
    - MaterialComponents/private/Math
    - MDFInternationalization
  - MaterialComponents/Ripple (119.0.0):
    - MaterialComponents/AnimationTiming
    - MaterialComponents/Availability
    - MaterialComponents/private/Color
    - MaterialComponents/private/Math
  - MaterialComponents/schemes/Color (119.0.0):
    - MaterialComponents/Availability
    - MaterialComponents/private/Color
  - MaterialComponents/schemes/Typography (119.0.0):
    - "MaterialComponents/schemes/Typography+BasicFontScheme"
    - "MaterialComponents/schemes/Typography+Scheming"
    - MaterialComponents/Typography
  - "MaterialComponents/schemes/Typography+BasicFontScheme (119.0.0)"
  - "MaterialComponents/schemes/Typography+Scheming (119.0.0)"
  - MaterialComponents/ShadowElevations (119.0.0)
  - MaterialComponents/ShadowLayer (119.0.0):
    - MaterialComponents/ShadowElevations
  - MaterialComponents/ShapeLibrary (119.0.0):
    - MaterialComponents/private/Math
    - MaterialComponents/Shapes
  - MaterialComponents/Shapes (119.0.0):
    - MaterialComponents/private/Color
    - MaterialComponents/private/Math
    - MaterialComponents/ShadowLayer
  - MaterialComponents/Snackbar (119.0.0):
    - MaterialComponents/AnimationTiming
    - MaterialComponents/Availability
    - MaterialComponents/Buttons
    - MaterialComponents/Elevation
    - MaterialComponents/OverlayWindow
    - MaterialComponents/private/Application
    - MaterialComponents/private/KeyboardWatcher
    - MaterialComponents/private/Math
    - MaterialComponents/private/Overlay
    - MaterialComponents/ShadowElevations
    - MaterialComponents/ShadowLayer
    - MaterialComponents/Typography
  - MaterialComponents/Tabs (119.0.0):
    - MaterialComponents/AnimationTiming
    - MaterialComponents/Elevation
    - MaterialComponents/Ink
    - MaterialComponents/Palettes
    - MaterialComponents/private/Math
    - MaterialComponents/Ripple
    - MaterialComponents/ShadowElevations
    - MaterialComponents/ShadowLayer
    - MaterialComponents/Typography
    - MDFInternationalization
  - MaterialComponents/TextFields (119.0.0):
    - MaterialComponents/AnimationTiming
    - MaterialComponents/Buttons
    - MaterialComponents/Elevation
    - MaterialComponents/Palettes
    - MaterialComponents/private/Math
    - MaterialComponents/Typography
    - MDFInternationalization
  - MaterialComponents/Themes (119.0.0):
    - MaterialComponents/schemes/Color
    - MaterialComponents/schemes/Typography
  - MaterialComponents/Typography (119.0.0):
    - MaterialComponents/private/Application
    - MaterialComponents/private/Math
    - MDFTextAccessibility
  - MDFInternationalization (2.0.0)
  - MDFTextAccessibility (2.0.0)
  - MotionAnimator (2.8.1):
    - MotionInterchange (~> 1.6)
  - MotionInterchange (1.6.0)
  - PocketSVG (2.7.0)
  - Protobuf (3.5.0)
  - RxBlocking (6.1.0):
    - RxSwift (= 6.1.0)
  - RxCocoa (6.1.0):
    - RxRelay (= 6.1.0)
    - RxSwift (= 6.1.0)
  - RxRelay (6.1.0):
    - RxSwift (= 6.1.0)
  - RxSwift (6.1.0)
  - RxTest (6.1.0):
    - RxSwift (= 6.1.0)
  - SnapKit (5.0.0)
  - SSZipArchive (2.1.1)
  - SwiftLint (0.41.0)

DEPENDENCIES:
  - GoogleAPIClientForREST/Drive (~> 1.2.1)
  - GoogleSignIn
  - MaterialComponents/ActionSheet
  - MaterialComponents/ActivityIndicator
  - MaterialComponents/AnimationTiming
  - MaterialComponents/AppBar
  - MaterialComponents/BottomSheet
  - MaterialComponents/ButtonBar
  - MaterialComponents/Buttons
  - MaterialComponents/CollectionCells
  - MaterialComponents/CollectionLayoutAttributes
  - MaterialComponents/Collections
  - MaterialComponents/Dialogs
  - "MaterialComponents/Dialogs+ColorThemer"
  - MaterialComponents/FeatureHighlight
  - "MaterialComponents/FeatureHighlight+ColorThemer"
  - MaterialComponents/FlexibleHeader
  - MaterialComponents/HeaderStackView
  - MaterialComponents/Ink
  - MaterialComponents/NavigationBar
  - MaterialComponents/OverlayWindow
  - MaterialComponents/PageControl
  - MaterialComponents/Palettes
  - MaterialComponents/private/KeyboardWatcher
  - MaterialComponents/private/Overlay
  - MaterialComponents/ProgressView
  - MaterialComponents/ShadowElevations
  - MaterialComponents/ShadowLayer
  - MaterialComponents/Snackbar
  - MaterialComponents/Tabs
  - MaterialComponents/TextFields
  - MaterialComponents/Themes
  - MaterialComponents/Typography
  - PocketSVG (~> 2.6)
  - Protobuf (~> 3.5.0)
  - RxBlocking (= 6.1.0)
  - RxCocoa (= 6.1.0)
  - RxSwift (= 6.1.0)
  - RxTest (= 6.1.0)
  - SnapKit (= 5.0.0)
  - SSZipArchive (= 2.1.1)
  - SwiftLint

SPEC REPOS:
  trunk:
    - AppAuth
    - GoogleAPIClientForREST
    - GoogleSignIn
    - GTMAppAuth
    - GTMSessionFetcher
    - MaterialComponents
    - MDFInternationalization
    - MDFTextAccessibility
    - MotionAnimator
    - MotionInterchange
    - PocketSVG
    - Protobuf
    - RxBlocking
    - RxCocoa
    - RxRelay
    - RxSwift
    - RxTest
    - SnapKit
    - SSZipArchive
    - SwiftLint

SPEC CHECKSUMS:
  AppAuth: 31bcec809a638d7bd2f86ea8a52bd45f6e81e7c7
  GoogleAPIClientForREST: a8b95a252014ce2e618df6b75dc72eca2c00b4af
  GoogleSignIn: 7137d297ddc022a7e0aa4619c86d72c909fa7213
  GTMAppAuth: 197a8dabfea5d665224aa00d17f164fc2248dab9
  GTMSessionFetcher: b3503b20a988c4e20cc189aa798fd18220133f52
  MaterialComponents: 69a725e28406a97816441dea4ec6ec38265a08bb
  MDFInternationalization: 010097556d6b09d2c4ea38e0820ea6d37be6a314
  MDFTextAccessibility: 85c09a1bd9c321f494348e632a25063bcda35a53
  MotionAnimator: ee16aa30567c5bae0fb2750c132915829cfaaf8a
  MotionInterchange: ead0e3ae1f3a5fb539e289debbc7ae036160a10d
  PocketSVG: 5e0ff20c8a661586b2f2c295cd18b3e8f06de552
  Protobuf: 8a9838fba8dae3389230e1b7f8c104aa32389c03
  RxBlocking: 602095fba0bce7b16b56ccec89edf780c248b7d9
  RxCocoa: 5c51f02d562cbd94629f6c26cf0c80fe4ab8d343
  RxRelay: 483e1a19fad961b41f0b0c0bee506f46c1ae14fe
  RxSwift: a834e5c538e89eca0cae86f403f4fbf0336786ce
  RxTest: 9d26616eaff4a7e75f4ecae9b2c24840f2e8218d
  SnapKit: fd22d10eb9aff484d79a8724eab922c1ddf89bcf
  SSZipArchive: 14401ade5f8e82aba1ff03e9f88e9de60937ae60
  SwiftLint: c585ebd615d9520d7fbdbe151f527977b0534f1e

PODFILE CHECKSUM: 728c9b331945df1c9588e123b1f3e79e107259ee

COCOAPODS: 1.10.1
